
Microsoft Visual Studio Solution File, Format Version 12.00
# Visual Studio 2013
VisualStudioVersion = 12.0.40629.0
MinimumVisualStudioVersion = 10.0.40219.1
Project("{FAE04EC0-301F-11D3-BF4B-00C04F79EFBC}") = "InstalacionesElectricasLomas", "InstalacionesElectricasLomas\InstalacionesElectricasLomas.csproj", "{14DCE4A7-2FF1-4DEF-90AA-00DDDAA08BBF}"
EndProject
Global
	GlobalSection(SolutionConfigurationPlatforms) = preSolution
		Debug|Any CPU = Debug|Any CPU
		Release|Any CPU = Release|Any CPU
	EndGlobalSection
	GlobalSection(ProjectConfigurationPlatforms) = postSolution
		{14DCE4A7-2FF1-4DEF-90AA-00DDDAA08BBF}.Debug|Any CPU.ActiveCfg = Debug|Any CPU
		{14DCE4A7-2FF1-4DEF-90AA-00DDDAA08BBF}.Debug|Any CPU.Build.0 = Debug|Any CPU
		{14DCE4A7-2FF1-4DEF-90AA-00DDDAA08BBF}.Release|Any CPU.ActiveCfg = Release|Any CPU
		{14DCE4A7-2FF1-4DEF-90AA-00DDDAA08BBF}.Release|Any CPU.Build.0 = Release|Any CPU
	EndGlobalSection
	GlobalSection(SolutionProperties) = preSolution
		HideSolutionNode = FALSE
	EndGlobalSection
EndGlobal
